
Microsoft Visual Studio Solution File, Format Version 12.00
# Visual Studio 15
VisualStudioVersion = 15.0.27004.2002
MinimumVisualStudioVersion = 10.0.40219.1
Project("{FAE04EC0-301F-11D3-BF4B-00C04F79EFBC}") = "Rebtel.Business.DataEntities", "Data Access Layer\Rebtel.Business.DataEntities\Rebtel.Business.DataEntities.csproj", "{68CDE9D7-6F96-4EB8-87B8-8AD05F3BC4A9}"
EndProject
Project("{2150E333-8FDC-42A3-9474-1A3956D46DE8}") = "Data Access Layer", "Data Access Layer", "{34881FD4-0EF2-480D-BAF8-9765A247CBBC}"
EndProject
Project("{2150E333-8FDC-42A3-9474-1A3956D46DE8}") = "Business Layer", "Business Layer", "{C2534B55-CC0C-4912-9841-DE1555F0D45F}"
EndProject
Project("{FAE04EC0-301F-11D3-BF4B-00C04F79EFBC}") = "Rebtel.Business.DAL", "Data Access Layer\Rebtel.Business.DAL\Rebtel.Business.DAL.csproj", "{26C32919-E513-4807-B196-B19D9339C2CE}"
EndProject
Project("{FAE04EC0-301F-11D3-BF4B-00C04F79EFBC}") = "Rebtel.Business.Services", "Business Layer\Rebtel.Business.Services\Rebtel.Business.Services.csproj", "{91BD0891-A0BC-4DEC-B8A7-DD82F734BAC8}"
EndProject
Project("{2150E333-8FDC-42A3-9474-1A3956D46DE8}") = "Common Layer", "Common Layer", "{FCA199AF-D342-4244-93DA-53683E3201A8}"
EndProject
Project("{FAE04EC0-301F-11D3-BF4B-00C04F79EFBC}") = "Rebtel.Core.Infrastructure", "Common Layer\Rebtel.Core.Infrastructure\Rebtel.Core.Infrastructure.csproj", "{A83A194A-95C8-4E18-A419-68596ADE25F2}"
EndProject
Project("{2150E333-8FDC-42A3-9474-1A3956D46DE8}") = "WCF Hosts", "WCF Hosts", "{98BA89DC-9A6E-4CD0-8227-3EF1A5E00763}"
EndProject
Project("{FAE04EC0-301F-11D3-BF4B-00C04F79EFBC}") = "Rebtel.Business.WCFHost", "WCF Hosts\Rebtel.Business.WCFHost\Rebtel.Business.WCFHost.csproj", "{D31FCB57-CD12-419E-B11E-7D7498BAFC02}"
EndProject
Project("{2150E333-8FDC-42A3-9474-1A3956D46DE8}") = "Client Layer", "Client Layer", "{5B23FB28-F9E8-43BB-B0C9-815C761F23AB}"
EndProject
Project("{FAE04EC0-301F-11D3-BF4B-00C04F79EFBC}") = "Rebtel.Client.Entities", "Client Layer\Rebtel.Client.Entities\Rebtel.Client.Entities.csproj", "{E1FF8BEF-9F34-4BC0-AA13-2688FA32629C}"
EndProject
Project("{FAE04EC0-301F-11D3-BF4B-00C04F79EFBC}") = "Rebtel.Client.ServiceContracts", "Client Layer\Rebtel.Client.ServiceContracts\Rebtel.Client.ServiceContracts.csproj", "{9347CA08-12EC-497A-A452-D8D55942F1CC}"
EndProject
Project("{FAE04EC0-301F-11D3-BF4B-00C04F79EFBC}") = "Rebtel.Client.ServiceProxies", "Client Layer\Rebtel.Client.ServiceProxies\Rebtel.Client.ServiceProxies.csproj", "{57B55455-B8AA-4ECA-9060-15DBCFF5E6D7}"
EndProject
Project("{FAE04EC0-301F-11D3-BF4B-00C04F79EFBC}") = "Rebtel.Client.WebAPI", "Client Layer\Rebtel.Client.WebAPI\Rebtel.Client.WebAPI.csproj", "{2BE1FA47-94C2-4E6E-8B9C-94648556F627}"
EndProject
Project("{FAE04EC0-301F-11D3-BF4B-00C04F79EFBC}") = "Rebtel.Business.DTOs", "Business Layer\Rebtel.Business.DTOs\Rebtel.Business.DTOs.csproj", "{FF636D59-2CD5-45F2-8B6B-558D7518B644}"
EndProject
Project("{2150E333-8FDC-42A3-9474-1A3956D46DE8}") = "Tests Layer", "Tests Layer", "{CE4FEF41-8FB2-4323-A682-120DDBD70D87}"
EndProject
Project("{FAE04EC0-301F-11D3-BF4B-00C04F79EFBC}") = "Rebtel.Tests", "Tests Layer\Rebtel.Tests\Rebtel.Tests.csproj", "{96537A25-D7DC-409C-82A1-D5577151B114}"
EndProject
Global
	GlobalSection(SolutionConfigurationPlatforms) = preSolution
		Debug|Any CPU = Debug|Any CPU
		Release|Any CPU = Release|Any CPU
	EndGlobalSection
	GlobalSection(ProjectConfigurationPlatforms) = postSolution
		{68CDE9D7-6F96-4EB8-87B8-8AD05F3BC4A9}.Debug|Any CPU.ActiveCfg = Debug|Any CPU
		{68CDE9D7-6F96-4EB8-87B8-8AD05F3BC4A9}.Debug|Any CPU.Build.0 = Debug|Any CPU
		{68CDE9D7-6F96-4EB8-87B8-8AD05F3BC4A9}.Release|Any CPU.ActiveCfg = Release|Any CPU
		{68CDE9D7-6F96-4EB8-87B8-8AD05F3BC4A9}.Release|Any CPU.Build.0 = Release|Any CPU
		{26C32919-E513-4807-B196-B19D9339C2CE}.Debug|Any CPU.ActiveCfg = Debug|Any CPU
		{26C32919-E513-4807-B196-B19D9339C2CE}.Debug|Any CPU.Build.0 = Debug|Any CPU
		{26C32919-E513-4807-B196-B19D9339C2CE}.Release|Any CPU.ActiveCfg = Release|Any CPU
		{26C32919-E513-4807-B196-B19D9339C2CE}.Release|Any CPU.Build.0 = Release|Any CPU
		{91BD0891-A0BC-4DEC-B8A7-DD82F734BAC8}.Debug|Any CPU.ActiveCfg = Debug|Any CPU
		{91BD0891-A0BC-4DEC-B8A7-DD82F734BAC8}.Debug|Any CPU.Build.0 = Debug|Any CPU
		{91BD0891-A0BC-4DEC-B8A7-DD82F734BAC8}.Release|Any CPU.ActiveCfg = Release|Any CPU
		{91BD0891-A0BC-4DEC-B8A7-DD82F734BAC8}.Release|Any CPU.Build.0 = Release|Any CPU
		{A83A194A-95C8-4E18-A419-68596ADE25F2}.Debug|Any CPU.ActiveCfg = Debug|Any CPU
		{A83A194A-95C8-4E18-A419-68596ADE25F2}.Debug|Any CPU.Build.0 = Debug|Any CPU
		{A83A194A-95C8-4E18-A419-68596ADE25F2}.Release|Any CPU.ActiveCfg = Release|Any CPU
		{A83A194A-95C8-4E18-A419-68596ADE25F2}.Release|Any CPU.Build.0 = Release|Any CPU
		{D31FCB57-CD12-419E-B11E-7D7498BAFC02}.Debug|Any CPU.ActiveCfg = Debug|Any CPU
		{D31FCB57-CD12-419E-B11E-7D7498BAFC02}.Debug|Any CPU.Build.0 = Debug|Any CPU
		{D31FCB57-CD12-419E-B11E-7D7498BAFC02}.Release|Any CPU.ActiveCfg = Release|Any CPU
		{D31FCB57-CD12-419E-B11E-7D7498BAFC02}.Release|Any CPU.Build.0 = Release|Any CPU
		{E1FF8BEF-9F34-4BC0-AA13-2688FA32629C}.Debug|Any CPU.ActiveCfg = Debug|Any CPU
		{E1FF8BEF-9F34-4BC0-AA13-2688FA32629C}.Debug|Any CPU.Build.0 = Debug|Any CPU
		{E1FF8BEF-9F34-4BC0-AA13-2688FA32629C}.Release|Any CPU.ActiveCfg = Release|Any CPU
		{E1FF8BEF-9F34-4BC0-AA13-2688FA32629C}.Release|Any CPU.Build.0 = Release|Any CPU
		{9347CA08-12EC-497A-A452-D8D55942F1CC}.Debug|Any CPU.ActiveCfg = Debug|Any CPU
		{9347CA08-12EC-497A-A452-D8D55942F1CC}.Debug|Any CPU.Build.0 = Debug|Any CPU
		{9347CA08-12EC-497A-A452-D8D55942F1CC}.Release|Any CPU.ActiveCfg = Release|Any CPU
		{9347CA08-12EC-497A-A452-D8D55942F1CC}.Release|Any CPU.Build.0 = Release|Any CPU
		{57B55455-B8AA-4ECA-9060-15DBCFF5E6D7}.Debug|Any CPU.ActiveCfg = Debug|Any CPU
		{57B55455-B8AA-4ECA-9060-15DBCFF5E6D7}.Debug|Any CPU.Build.0 = Debug|Any CPU
		{57B55455-B8AA-4ECA-9060-15DBCFF5E6D7}.Release|Any CPU.ActiveCfg = Release|Any CPU
		{57B55455-B8AA-4ECA-9060-15DBCFF5E6D7}.Release|Any CPU.Build.0 = Release|Any CPU
		{2BE1FA47-94C2-4E6E-8B9C-94648556F627}.Debug|Any CPU.ActiveCfg = Debug|Any CPU
		{2BE1FA47-94C2-4E6E-8B9C-94648556F627}.Debug|Any CPU.Build.0 = Debug|Any CPU
		{2BE1FA47-94C2-4E6E-8B9C-94648556F627}.Release|Any CPU.ActiveCfg = Release|Any CPU
		{2BE1FA47-94C2-4E6E-8B9C-94648556F627}.Release|Any CPU.Build.0 = Release|Any CPU
		{FF636D59-2CD5-45F2-8B6B-558D7518B644}.Debug|Any CPU.ActiveCfg = Debug|Any CPU
		{FF636D59-2CD5-45F2-8B6B-558D7518B644}.Debug|Any CPU.Build.0 = Debug|Any CPU
		{FF636D59-2CD5-45F2-8B6B-558D7518B644}.Release|Any CPU.ActiveCfg = Release|Any CPU
		{FF636D59-2CD5-45F2-8B6B-558D7518B644}.Release|Any CPU.Build.0 = Release|Any CPU
		{96537A25-D7DC-409C-82A1-D5577151B114}.Debug|Any CPU.ActiveCfg = Debug|Any CPU
		{96537A25-D7DC-409C-82A1-D5577151B114}.Debug|Any CPU.Build.0 = Debug|Any CPU
		{96537A25-D7DC-409C-82A1-D5577151B114}.Release|Any CPU.ActiveCfg = Release|Any CPU
		{96537A25-D7DC-409C-82A1-D5577151B114}.Release|Any CPU.Build.0 = Release|Any CPU
	EndGlobalSection
	GlobalSection(SolutionProperties) = preSolution
		HideSolutionNode = FALSE
	EndGlobalSection
	GlobalSection(NestedProjects) = preSolution
		{68CDE9D7-6F96-4EB8-87B8-8AD05F3BC4A9} = {34881FD4-0EF2-480D-BAF8-9765A247CBBC}
		{26C32919-E513-4807-B196-B19D9339C2CE} = {34881FD4-0EF2-480D-BAF8-9765A247CBBC}
		{91BD0891-A0BC-4DEC-B8A7-DD82F734BAC8} = {C2534B55-CC0C-4912-9841-DE1555F0D45F}
		{A83A194A-95C8-4E18-A419-68596ADE25F2} = {FCA199AF-D342-4244-93DA-53683E3201A8}
		{D31FCB57-CD12-419E-B11E-7D7498BAFC02} = {98BA89DC-9A6E-4CD0-8227-3EF1A5E00763}
		{E1FF8BEF-9F34-4BC0-AA13-2688FA32629C} = {5B23FB28-F9E8-43BB-B0C9-815C761F23AB}
		{9347CA08-12EC-497A-A452-D8D55942F1CC} = {5B23FB28-F9E8-43BB-B0C9-815C761F23AB}
		{57B55455-B8AA-4ECA-9060-15DBCFF5E6D7} = {5B23FB28-F9E8-43BB-B0C9-815C761F23AB}
		{2BE1FA47-94C2-4E6E-8B9C-94648556F627} = {5B23FB28-F9E8-43BB-B0C9-815C761F23AB}
		{FF636D59-2CD5-45F2-8B6B-558D7518B644} = {C2534B55-CC0C-4912-9841-DE1555F0D45F}
		{96537A25-D7DC-409C-82A1-D5577151B114} = {CE4FEF41-8FB2-4323-A682-120DDBD70D87}
	EndGlobalSection
	GlobalSection(ExtensibilityGlobals) = postSolution
		SolutionGuid = {50E56ADD-568A-42D1-A31F-23E77AB35CCC}
	EndGlobalSection
EndGlobal
